
Microsoft Visual Studio Solution File, Format Version 12.00
Project("{2150E333-8FDC-42A3-9474-1A3956D46DE8}") = "SolutionFolder1", "SolutionFolder1", "{024C67CF-AE6C-4377-A5B9-488A9C4A3A37}"
EndProject
Project("{FAE04EC0-301F-11D3-BF4B-00C04F79EFBC}") = "nums", "nums\nums.csproj", "{17558519-0C86-4BA7-B170-DF876913C075}"
EndProject
Project("{FAE04EC0-301F-11D3-BF4B-00C04F79EFBC}") = "numsTests", "numsTests\numsTests.csproj", "{E21663F4-96F9-4911-82E7-275A90B6E59D}"
EndProject
Project("{2150E333-8FDC-42A3-9474-1A3956D46DE8}") = "SolutionFolder2", "SolutionFolder2", "{625B2E18-C1C2-440C-B172-2EF93752010D}"
EndProject
Project("{FAE04EC0-301F-11D3-BF4B-00C04F79EFBC}") = "user", "user\user.csproj", "{CFE24FF6-6B38-4060-8A9B-9C853B551566}"
EndProject
Project("{FAE04EC0-301F-11D3-BF4B-00C04F79EFBC}") = "userTests", "userTests\userTests.csproj", "{4A929237-BBFF-40D7-A01D-C9D547911BCB}"
EndProject
Project("{2150E333-8FDC-42A3-9474-1A3956D46DE8}") = "SolutionFolder3", "SolutionFolder3", "{66CC73D0-91A8-4CF3-8999-9EDAD8FD1898}"
EndProject
Project("{FAE04EC0-301F-11D3-BF4B-00C04F79EFBC}") = "student", "student\student.csproj", "{4B95AB3A-7F32-4A5B-9339-D82959A78617}"
EndProject
Project("{FAE04EC0-301F-11D3-BF4B-00C04F79EFBC}") = "studentTests", "studentTests\studentTests.csproj", "{B1D8518D-D75F-48C1-85A1-9F47977EB74A}"
EndProject
Project("{2150E333-8FDC-42A3-9474-1A3956D46DE8}") = "SolutionFolder4", "SolutionFolder4", "{4B799B4C-007B-44DA-ABE1-579831E0C9D1}"
EndProject
Project("{FAE04EC0-301F-11D3-BF4B-00C04F79EFBC}") = "Products", "Products\Products.csproj", "{E240DECB-958B-4C08-B3D2-9F1BD071AE96}"
EndProject
Project("{FAE04EC0-301F-11D3-BF4B-00C04F79EFBC}") = "ProductTests", "ProductTests\ProductTests.csproj", "{F73A4297-EB55-4CD2-8C27-03C69EF1D8D4}"
EndProject
Global
	GlobalSection(SolutionConfigurationPlatforms) = preSolution
		Debug|Any CPU = Debug|Any CPU
		Release|Any CPU = Release|Any CPU
	EndGlobalSection
	GlobalSection(ProjectConfigurationPlatforms) = postSolution
		{17558519-0C86-4BA7-B170-DF876913C075}.Debug|Any CPU.ActiveCfg = Debug|Any CPU
		{17558519-0C86-4BA7-B170-DF876913C075}.Debug|Any CPU.Build.0 = Debug|Any CPU
		{17558519-0C86-4BA7-B170-DF876913C075}.Release|Any CPU.ActiveCfg = Release|Any CPU
		{17558519-0C86-4BA7-B170-DF876913C075}.Release|Any CPU.Build.0 = Release|Any CPU
		{E21663F4-96F9-4911-82E7-275A90B6E59D}.Debug|Any CPU.ActiveCfg = Debug|Any CPU
		{E21663F4-96F9-4911-82E7-275A90B6E59D}.Debug|Any CPU.Build.0 = Debug|Any CPU
		{E21663F4-96F9-4911-82E7-275A90B6E59D}.Release|Any CPU.ActiveCfg = Release|Any CPU
		{E21663F4-96F9-4911-82E7-275A90B6E59D}.Release|Any CPU.Build.0 = Release|Any CPU
		{CFE24FF6-6B38-4060-8A9B-9C853B551566}.Debug|Any CPU.ActiveCfg = Debug|Any CPU
		{CFE24FF6-6B38-4060-8A9B-9C853B551566}.Debug|Any CPU.Build.0 = Debug|Any CPU
		{CFE24FF6-6B38-4060-8A9B-9C853B551566}.Release|Any CPU.ActiveCfg = Release|Any CPU
		{CFE24FF6-6B38-4060-8A9B-9C853B551566}.Release|Any CPU.Build.0 = Release|Any CPU
		{4A929237-BBFF-40D7-A01D-C9D547911BCB}.Debug|Any CPU.ActiveCfg = Debug|Any CPU
		{4A929237-BBFF-40D7-A01D-C9D547911BCB}.Debug|Any CPU.Build.0 = Debug|Any CPU
		{4A929237-BBFF-40D7-A01D-C9D547911BCB}.Release|Any CPU.ActiveCfg = Release|Any CPU
		{4A929237-BBFF-40D7-A01D-C9D547911BCB}.Release|Any CPU.Build.0 = Release|Any CPU
		{4B95AB3A-7F32-4A5B-9339-D82959A78617}.Debug|Any CPU.ActiveCfg = Debug|Any CPU
		{4B95AB3A-7F32-4A5B-9339-D82959A78617}.Debug|Any CPU.Build.0 = Debug|Any CPU
		{4B95AB3A-7F32-4A5B-9339-D82959A78617}.Release|Any CPU.ActiveCfg = Release|Any CPU
		{4B95AB3A-7F32-4A5B-9339-D82959A78617}.Release|Any CPU.Build.0 = Release|Any CPU
		{B1D8518D-D75F-48C1-85A1-9F47977EB74A}.Debug|Any CPU.ActiveCfg = Debug|Any CPU
		{B1D8518D-D75F-48C1-85A1-9F47977EB74A}.Debug|Any CPU.Build.0 = Debug|Any CPU
		{B1D8518D-D75F-48C1-85A1-9F47977EB74A}.Release|Any CPU.ActiveCfg = Release|Any CPU
		{B1D8518D-D75F-48C1-85A1-9F47977EB74A}.Release|Any CPU.Build.0 = Release|Any CPU
		{E240DECB-958B-4C08-B3D2-9F1BD071AE96}.Debug|Any CPU.ActiveCfg = Debug|Any CPU
		{E240DECB-958B-4C08-B3D2-9F1BD071AE96}.Debug|Any CPU.Build.0 = Debug|Any CPU
		{E240DECB-958B-4C08-B3D2-9F1BD071AE96}.Release|Any CPU.ActiveCfg = Release|Any CPU
		{E240DECB-958B-4C08-B3D2-9F1BD071AE96}.Release|Any CPU.Build.0 = Release|Any CPU
		{F73A4297-EB55-4CD2-8C27-03C69EF1D8D4}.Debug|Any CPU.ActiveCfg = Debug|Any CPU
		{F73A4297-EB55-4CD2-8C27-03C69EF1D8D4}.Debug|Any CPU.Build.0 = Debug|Any CPU
		{F73A4297-EB55-4CD2-8C27-03C69EF1D8D4}.Release|Any CPU.ActiveCfg = Release|Any CPU
		{F73A4297-EB55-4CD2-8C27-03C69EF1D8D4}.Release|Any CPU.Build.0 = Release|Any CPU
	EndGlobalSection
	GlobalSection(NestedProjects) = preSolution
		{17558519-0C86-4BA7-B170-DF876913C075} = {024C67CF-AE6C-4377-A5B9-488A9C4A3A37}
		{E21663F4-96F9-4911-82E7-275A90B6E59D} = {024C67CF-AE6C-4377-A5B9-488A9C4A3A37}
		{CFE24FF6-6B38-4060-8A9B-9C853B551566} = {625B2E18-C1C2-440C-B172-2EF93752010D}
		{4A929237-BBFF-40D7-A01D-C9D547911BCB} = {625B2E18-C1C2-440C-B172-2EF93752010D}
		{4B95AB3A-7F32-4A5B-9339-D82959A78617} = {66CC73D0-91A8-4CF3-8999-9EDAD8FD1898}
		{B1D8518D-D75F-48C1-85A1-9F47977EB74A} = {66CC73D0-91A8-4CF3-8999-9EDAD8FD1898}
		{E240DECB-958B-4C08-B3D2-9F1BD071AE96} = {4B799B4C-007B-44DA-ABE1-579831E0C9D1}
		{F73A4297-EB55-4CD2-8C27-03C69EF1D8D4} = {4B799B4C-007B-44DA-ABE1-579831E0C9D1}
	EndGlobalSection
EndGlobal
